# Code generated by scarb DO NOT EDIT.
version = 1

[[package]]
name = "dojo"
version = "1.7.2"
source = "registry+https://scarbs.xyz/"
checksum = "sha256:e7c7f3c7e7ca89491aadabea9ed97cad5ff8a001ec7621afa1cadd257d2f7283"
dependencies = [
 "dojo_cairo_macros",
]

[[package]]
name = "dojo_cairo_macros"
version = "1.8.0"
source = "registry+https://scarbs.xyz/"
checksum = "sha256:c4aa04037a0c5029b05b78229dae22bf02269b9912e8a8c12f8af34aa6b72051"

[[package]]
name = "dojo_cairo_test"
version = "1.7.2"
source = "registry+https://scarbs.xyz/"
checksum = "sha256:07468e70a3ead06a352b3cc2fb52a88447b921cdc26474290950f3f95ce4f295"
dependencies = [
 "dojo",
]

[[package]]
name = "feral"
version = "0.1.1"
dependencies = [
 "dojo",
 "dojo_cairo_test",
 "nft_combo",
 "openzeppelin_introspection",
 "openzeppelin_token",
]

[[package]]
name = "graffiti"
version = "0.1.0"
source = "git+https://github.com/rsodre/graffiti?rev=url#e8b0854798ebbcebde504ea299ed556900564ff2"

[[package]]
name = "nft_combo"
version = "1.1.0"
source = "git+https://github.com/underware-gg/cairo-nft-combo?branch=scarb_2.12.2#571a5bae95d734179ef9386036284d0b19e529fb"
dependencies = [
 "graffiti",
 "openzeppelin_introspection",
 "openzeppelin_token",
]

[[package]]
name = "openzeppelin_access"
version = "1.0.0"
source = "git+https://github.com/OpenZeppelin/cairo-contracts?tag=v1.0.0#755ce1adbf8d89ed23fbb8daa328fcbeab7c6424"
dependencies = [
 "openzeppelin_introspection",
 "openzeppelin_utils",
]

[[package]]
name = "openzeppelin_account"
version = "1.0.0"
source = "git+https://github.com/OpenZeppelin/cairo-contracts?tag=v1.0.0#755ce1adbf8d89ed23fbb8daa328fcbeab7c6424"
dependencies = [
 "openzeppelin_introspection",
 "openzeppelin_utils",
]

[[package]]
name = "openzeppelin_introspection"
version = "1.0.0"
source = "git+https://github.com/OpenZeppelin/cairo-contracts?tag=v1.0.0#755ce1adbf8d89ed23fbb8daa328fcbeab7c6424"

[[package]]
name = "openzeppelin_token"
version = "1.0.0"
source = "git+https://github.com/OpenZeppelin/cairo-contracts?tag=v1.0.0#755ce1adbf8d89ed23fbb8daa328fcbeab7c6424"
dependencies = [
 "openzeppelin_access",
 "openzeppelin_account",
 "openzeppelin_introspection",
 "openzeppelin_utils",
]

[[package]]
name = "openzeppelin_utils"
version = "1.0.0"
source = "git+https://github.com/OpenZeppelin/cairo-contracts?tag=v1.0.0#755ce1adbf8d89ed23fbb8daa328fcbeab7c6424"
